{
	"requires": true,
	"lockfileVersion": 1,
	"dependencies": {
		"lodash": {
			"version": "4.17.10",
			"resolved": "https://registry.npmjs.org/lodash/-/lodash-4.17.10.tgz",
			"integrity": "sha512-UejweD1pDoXu+AD825lWwp4ZGtSwgnpZxb3JDViD7StjQz+Nb/6l093lx4OQ0foGWNRoc19mWy7BzL+UAK2iVg=="
		},
		"ts-mockito": {
			"version": "2.3.0",
			"resolved": "https://registry.npmjs.org/ts-mockito/-/ts-mockito-2.3.0.tgz",
			"integrity": "sha512-IB37YP8DppTHUf/aJeayUa7fZp7mn7HK+NYalzdyoy0z0vOpZwO+HiUKLUkK+c9ERcRlOdwm8Do99ndYsvm+Bw==",
			"requires": {
				"lodash": "^4.17.5"
			}
		}
	}
}
