{
  "requires": true,
  "lockfileVersion": 1,
  "dependencies": {
    "@types/bson": {
      "version": "1.0.8",
      "resolved": "https://registry.npmjs.org/@types/bson/-/bson-1.0.8.tgz",
      "integrity": "sha512-PMa4nkRhLaqwsXQDDTzGbTyCIpej0ERznyAP9fyuGnlsmUbcC4Y25mdqjibYjkOPNyK/BWWUKneruaKHcS3Q8g==",
      "requires": {
        "@types/node": "*"
      }
    },
    "@types/detect-browser": {
      "version": "2.0.1",
      "resolved": "https://registry.npmjs.org/@types/detect-browser/-/detect-browser-2.0.1.tgz",
      "integrity": "sha512-n9jH0zq0DGOlu/B9tSpK+DKwaW9uozF96hy3zYibvxVqQDX5KOJJn6qns/G+k3UwfEQVYZuV3Rz+Z2fXMQ0ang=="
    },
    "@types/node": {
      "version": "10.1.2",
      "resolved": "https://registry.npmjs.org/@types/node/-/node-10.1.2.tgz",
      "integrity": "sha512-bjk1RIeZBCe/WukrFToIVegOf91Pebr8cXYBwLBIsfiGWVQ+ifwWsT59H3RxrWzWrzd1l/Amk1/ioY5Fq3/bpA=="
    },
    "bson": {
      "version": "2.0.6",
      "resolved": "https://registry.npmjs.org/bson/-/bson-2.0.6.tgz",
      "integrity": "sha512-DH9Xvo+zN7PnS6rmQauNWLZqICiwOXygoh0nppbJrcpGv6XUyon6S/rGSvUkR3SdyqHQ6YjSkxmSnmqOhUZNew=="
    },
    "detect-browser": {
      "version": "2.4.0",
      "resolved": "https://registry.npmjs.org/detect-browser/-/detect-browser-2.4.0.tgz",
      "integrity": "sha512-C7BPFS5x9xrYalcunnuVUDmj9YU2j+VMseGhmYtwgC85H1WfCSb6wvAhXF1pze8R2KBeHE3Ynue7fpxMRdc+zQ=="
    }
  }
}
