{
	"requires": true,
	"lockfileVersion": 1,
	"dependencies": {
		"@types/bson": {
			"version": "1.0.8",
			"resolved": "https://registry.npmjs.org/@types/bson/-/bson-1.0.8.tgz",
			"integrity": "sha512-PMa4nkRhLaqwsXQDDTzGbTyCIpej0ERznyAP9fyuGnlsmUbcC4Y25mdqjibYjkOPNyK/BWWUKneruaKHcS3Q8g==",
			"requires": {
				"@types/node": "*"
			}
		},
		"@types/node": {
			"version": "10.3.1",
			"resolved": "https://registry.npmjs.org/@types/node/-/node-10.3.1.tgz",
			"integrity": "sha512-IsX9aDHDzJohkm3VCDB8tkzl5RQ34E/PFA29TQk6uDGb7Oc869ZBtmdKVDBzY3+h9GnXB8ssrRXEPVZrlIOPOw=="
		},
		"bson": {
			"version": "git://github.com/mongodb/js-bson.git#87c2365519ad5fdf83498561b25223eed2329425",
			"from": "git://github.com/mongodb/js-bson.git#3.0"
		},
		"lodash": {
			"version": "4.17.10",
			"resolved": "https://registry.npmjs.org/lodash/-/lodash-4.17.10.tgz",
			"integrity": "sha512-UejweD1pDoXu+AD825lWwp4ZGtSwgnpZxb3JDViD7StjQz+Nb/6l093lx4OQ0foGWNRoc19mWy7BzL+UAK2iVg=="
		},
		"ts-mockito": {
			"version": "2.3.0",
			"resolved": "https://registry.npmjs.org/ts-mockito/-/ts-mockito-2.3.0.tgz",
			"integrity": "sha512-IB37YP8DppTHUf/aJeayUa7fZp7mn7HK+NYalzdyoy0z0vOpZwO+HiUKLUkK+c9ERcRlOdwm8Do99ndYsvm+Bw==",
			"requires": {
				"lodash": "^4.17.5"
			}
		}
	}
}
