{
	"requires": true,
	"lockfileVersion": 1,
	"dependencies": {
		"mongodb-extjson": {
			"version": "2.1.4",
			"resolved": "https://registry.npmjs.org/mongodb-extjson/-/mongodb-extjson-2.1.4.tgz",
			"integrity": "sha512-AYGhTnrMoPW3JXdtY2QkP3kPBNrUqcTW4tQaW1rQ/JO41QCiMqIq5RWf5e3lhs4McGx9rIXHKPYGDH6TDp8RHg==",
			"requires": {
				"bson": "^2.0.7"
			},
			"dependencies": {
				"bson": {
					"version": "2.0.8",
					"resolved": "https://registry.npmjs.org/bson/-/bson-2.0.8.tgz",
					"integrity": "sha512-0F0T3gHeOwJzHWcN60BZomqj5hCBDRk4b3fANuruvDTnyJJ8sggABKSaePM2F34THNZZSIlB2P1mk2nQWgBr9w=="
				}
			}
		}
	}
}
