{
	"requires": true,
	"lockfileVersion": 1,
	"dependencies": {
		"bson": {
			"version": "github:mongodb/js-bson#87c2365519ad5fdf83498561b25223eed2329425",
			"from": "github:mongodb/js-bson#3.0"
		},
		"mongodb-extjson": {
			"version": "git://github.com/mongodb-js/mongodb-extjson.git#e736e53a4473ce9868d694e878f84820cb42d30c",
			"from": "git://github.com/mongodb-js/mongodb-extjson.git#3.0",
			"requires": {
				"bson": "github:mongodb/js-bson#87c2365519ad5fdf83498561b25223eed2329425"
			}
		}
	}
}
