{
  "requires": true,
  "lockfileVersion": 1,
  "dependencies": {
    "@types/base64-js": {
      "version": "1.2.5",
      "resolved": "https://registry.npmjs.org/@types/base64-js/-/base64-js-1.2.5.tgz",
      "integrity": "sha1-WCskdhaabLpGCiFNR2x0REHYc9U="
    },
    "@types/bson": {
      "version": "1.0.8",
      "resolved": "https://registry.npmjs.org/@types/bson/-/bson-1.0.8.tgz",
      "integrity": "sha512-PMa4nkRhLaqwsXQDDTzGbTyCIpej0ERznyAP9fyuGnlsmUbcC4Y25mdqjibYjkOPNyK/BWWUKneruaKHcS3Q8g==",
      "requires": {
        "@types/node": "*"
      }
    },
    "@types/jest": {
      "version": "22.2.2",
      "resolved": "https://registry.npmjs.org/@types/jest/-/jest-22.2.2.tgz",
      "integrity": "sha512-Dt7aifQmvMPTLVimzvfQ99qUn4zeSDCQarFNV4otfDLYu0RFdSRBnqSLgksoAnsRL88xJ/UBKbd66iP2XIab0w=="
    },
    "@types/jsonwebtoken": {
      "version": "7.2.6",
      "resolved": "https://registry.npmjs.org/@types/jsonwebtoken/-/jsonwebtoken-7.2.6.tgz",
      "integrity": "sha512-SuCA16HtLqPy0yerKEvMdaEAeLRgm6zPUJE1sF7bwGq0hAO4xW9UJZxTcDBaBwr5rcz1HST5QC1+1qXQ1+R9yw==",
      "requires": {
        "@types/node": "*"
      }
    },
    "@types/node": {
      "version": "9.6.4",
      "resolved": "https://registry.npmjs.org/@types/node/-/node-9.6.4.tgz",
      "integrity": "sha512-Awg4BcUYiZtNKoveGOu654JVPt11V/KIC77iBz8NweyoOAZpz5rUJfPDwwD+ajfTs2HndbTCEB8IuLfX9m/mmw=="
    },
    "base64-js": {
      "version": "1.2.3",
      "resolved": "https://registry.npmjs.org/base64-js/-/base64-js-1.2.3.tgz",
      "integrity": "sha512-MsAhsUW1GxCdgYSO6tAfZrNapmUKk7mWx/k5mFY/A1gBtkaCaNapTg+FExCw1r9yeaZhqx/xPg43xgTFH6KL5w=="
    },
    "bson": {
      "version": "1.0.9",
      "resolved": "https://registry.npmjs.org/bson/-/bson-1.0.9.tgz",
      "integrity": "sha512-IQX9/h7WdMBIW/q/++tGd+emQr0XMdeZ6icnT/74Xk9fnabWn+gZgpE+9V+gujL3hhJOoNrnDVY7tWdzc7NUTg=="
    },
    "buffer-equal-constant-time": {
      "version": "1.0.1",
      "resolved": "https://registry.npmjs.org/buffer-equal-constant-time/-/buffer-equal-constant-time-1.0.1.tgz",
      "integrity": "sha1-+OcRMvf/5uAaXJaXpMbz5I1cyBk="
    },
    "ecdsa-sig-formatter": {
      "version": "1.0.10",
      "resolved": "https://registry.npmjs.org/ecdsa-sig-formatter/-/ecdsa-sig-formatter-1.0.10.tgz",
      "integrity": "sha1-HFlQAPBKiJffuFAAiSoPTDOvhsM=",
      "requires": {
        "safe-buffer": "^5.0.1"
      }
    },
    "encoding": {
      "version": "0.1.12",
      "resolved": "https://registry.npmjs.org/encoding/-/encoding-0.1.12.tgz",
      "integrity": "sha1-U4tm8+5izRq1HsMjgp0flIDHS+s=",
      "requires": {
        "iconv-lite": "~0.4.13"
      }
    },
    "es6-promise": {
      "version": "4.2.4",
      "resolved": "https://registry.npmjs.org/es6-promise/-/es6-promise-4.2.4.tgz",
      "integrity": "sha512-/NdNZVJg+uZgtm9eS3O6lrOLYmQag2DjdEXuPaHlZ6RuVqgqaVZfgYCepEIKsLqwdQArOPtC3XzRLqGGfT8KQQ=="
    },
    "fetch-everywhere": {
      "version": "1.0.5",
      "resolved": "https://registry.npmjs.org/fetch-everywhere/-/fetch-everywhere-1.0.5.tgz",
      "integrity": "sha1-skl/R6V9kCazkHwJdWrPX0vTTos=",
      "requires": {
        "node-fetch": "^1.0.1",
        "whatwg-fetch": ">=0.10.0"
      }
    },
    "iconv-lite": {
      "version": "0.4.19",
      "resolved": "https://registry.npmjs.org/iconv-lite/-/iconv-lite-0.4.19.tgz",
      "integrity": "sha512-oTZqweIP51xaGPI4uPa56/Pri/480R+mo7SeU+YETByQNhDG55ycFyNLIgta9vXhILrxXDmF7ZGhqZIcuN0gJQ=="
    },
    "is-stream": {
      "version": "1.1.0",
      "resolved": "https://registry.npmjs.org/is-stream/-/is-stream-1.1.0.tgz",
      "integrity": "sha1-EtSj3U5o4Lec6428hBc66A2RykQ="
    },
    "jsonwebtoken": {
      "version": "8.2.1",
      "resolved": "https://registry.npmjs.org/jsonwebtoken/-/jsonwebtoken-8.2.1.tgz",
      "integrity": "sha512-l8rUBr0fqYYwPc8/ZGrue7GiW7vWdZtZqelxo4Sd5lMvuEeCK8/wS54sEo6tJhdZ6hqfutsj6COgC0d1XdbHGw==",
      "requires": {
        "jws": "^3.1.4",
        "lodash.includes": "^4.3.0",
        "lodash.isboolean": "^3.0.3",
        "lodash.isinteger": "^4.0.4",
        "lodash.isnumber": "^3.0.3",
        "lodash.isplainobject": "^4.0.6",
        "lodash.isstring": "^4.0.1",
        "lodash.once": "^4.0.0",
        "ms": "^2.1.1",
        "xtend": "^4.0.1"
      },
      "dependencies": {
        "ms": {
          "version": "2.1.1",
          "resolved": "https://registry.npmjs.org/ms/-/ms-2.1.1.tgz",
          "integrity": "sha512-tgp+dl5cGk28utYktBsrFqA7HKgrhgPsg6Z/EfhWI4gl1Hwq8B/GmY/0oXZ6nF8hDVesS/FpnYaD/kOWhYQvyg=="
        }
      }
    },
    "jwa": {
      "version": "1.1.6",
      "resolved": "https://registry.npmjs.org/jwa/-/jwa-1.1.6.tgz",
      "integrity": "sha512-tBO/cf++BUsJkYql/kBbJroKOgHWEigTKBAjjBEmrMGYd1QMBC74Hr4Wo2zCZw6ZrVhlJPvoMrkcOnlWR/DJfw==",
      "requires": {
        "buffer-equal-constant-time": "1.0.1",
        "ecdsa-sig-formatter": "1.0.10",
        "safe-buffer": "^5.0.1"
      }
    },
    "jws": {
      "version": "3.1.5",
      "resolved": "https://registry.npmjs.org/jws/-/jws-3.1.5.tgz",
      "integrity": "sha512-GsCSexFADNQUr8T5HPJvayTjvPIfoyJPtLQBwn5a4WZQchcrPMPMAWcC1AzJVRDKyD6ZPROPAxgv6rfHViO4uQ==",
      "requires": {
        "jwa": "^1.1.5",
        "safe-buffer": "^5.0.1"
      }
    },
    "lodash": {
      "version": "4.17.10",
      "resolved": "https://registry.npmjs.org/lodash/-/lodash-4.17.10.tgz",
      "integrity": "sha512-UejweD1pDoXu+AD825lWwp4ZGtSwgnpZxb3JDViD7StjQz+Nb/6l093lx4OQ0foGWNRoc19mWy7BzL+UAK2iVg=="
    },
    "lodash.includes": {
      "version": "4.3.0",
      "resolved": "https://registry.npmjs.org/lodash.includes/-/lodash.includes-4.3.0.tgz",
      "integrity": "sha1-YLuYqHy5I8aMoeUTJUgzFISfVT8="
    },
    "lodash.isboolean": {
      "version": "3.0.3",
      "resolved": "https://registry.npmjs.org/lodash.isboolean/-/lodash.isboolean-3.0.3.tgz",
      "integrity": "sha1-bC4XHbKiV82WgC/UOwGyDV9YcPY="
    },
    "lodash.isinteger": {
      "version": "4.0.4",
      "resolved": "https://registry.npmjs.org/lodash.isinteger/-/lodash.isinteger-4.0.4.tgz",
      "integrity": "sha1-YZwK89A/iwTDH1iChAt3sRzWg0M="
    },
    "lodash.isnumber": {
      "version": "3.0.3",
      "resolved": "https://registry.npmjs.org/lodash.isnumber/-/lodash.isnumber-3.0.3.tgz",
      "integrity": "sha1-POdoEMWSjQM1IwGsKHMX8RwLH/w="
    },
    "lodash.isplainobject": {
      "version": "4.0.6",
      "resolved": "https://registry.npmjs.org/lodash.isplainobject/-/lodash.isplainobject-4.0.6.tgz",
      "integrity": "sha1-fFJqUtibRcRcxpC4gWO+BJf1UMs="
    },
    "lodash.isstring": {
      "version": "4.0.1",
      "resolved": "https://registry.npmjs.org/lodash.isstring/-/lodash.isstring-4.0.1.tgz",
      "integrity": "sha1-1SfftUVuynzJu5XV2ur4i6VKVFE="
    },
    "lodash.once": {
      "version": "4.1.1",
      "resolved": "https://registry.npmjs.org/lodash.once/-/lodash.once-4.1.1.tgz",
      "integrity": "sha1-DdOXEhPHxW34gJd9UEyI+0cal6w="
    },
    "mongodb-extjson": {
      "version": "2.1.1",
      "resolved": "https://registry.npmjs.org/mongodb-extjson/-/mongodb-extjson-2.1.1.tgz",
      "integrity": "sha512-J051xHZgtqA1vje5lJt+PjgAlQiFCqY5puU6n8U8DE9hUGYKEpZacNd5+s0zYH8kswIiL8eZGrx+83Rkw3Vc3w==",
      "requires": {
        "bson": "github:mongodb/js-bson#492670df53bcda931ed36cf434a93b5e886504bf"
      },
      "dependencies": {
        "bson": {
          "version": "github:mongodb/js-bson#492670df53bcda931ed36cf434a93b5e886504bf",
          "from": "bson@github:mongodb/js-bson#492670df53bcda931ed36cf434a93b5e886504bf"
        }
      }
    },
    "node-fetch": {
      "version": "1.7.3",
      "resolved": "https://registry.npmjs.org/node-fetch/-/node-fetch-1.7.3.tgz",
      "integrity": "sha512-NhZ4CsKx7cYm2vSrBAr2PvFOe6sWDf0UYLRqA6svUYg7+/TSfVAu49jYC4BvQ4Sms9SZgdqGBgroqfDhJdTyKQ==",
      "requires": {
        "encoding": "^0.1.11",
        "is-stream": "^1.0.1"
      }
    },
    "safe-buffer": {
      "version": "5.1.1",
      "resolved": "https://registry.npmjs.org/safe-buffer/-/safe-buffer-5.1.1.tgz",
      "integrity": "sha512-kKvNJn6Mm93gAczWVJg7wH+wGYWNrDHdWvpUmHyEsgCtIwwo3bqPtV4tR5tuPaUhTOo/kvhVwd8XwwOllGYkbg=="
    },
    "ts-mockito": {
      "version": "2.3.0",
      "resolved": "https://registry.npmjs.org/ts-mockito/-/ts-mockito-2.3.0.tgz",
      "integrity": "sha512-IB37YP8DppTHUf/aJeayUa7fZp7mn7HK+NYalzdyoy0z0vOpZwO+HiUKLUkK+c9ERcRlOdwm8Do99ndYsvm+Bw==",
      "requires": {
        "lodash": "^4.17.5"
      }
    },
    "whatwg-fetch": {
      "version": "2.0.4",
      "resolved": "https://registry.npmjs.org/whatwg-fetch/-/whatwg-fetch-2.0.4.tgz",
      "integrity": "sha512-dcQ1GWpOD/eEQ97k66aiEVpNnapVj90/+R+SXTPYGHpYBBypfKJEQjLrvMZ7YXbKm21gXd4NcuxUTjiv1YtLng=="
    },
    "xtend": {
      "version": "4.0.1",
      "resolved": "https://registry.npmjs.org/xtend/-/xtend-4.0.1.tgz",
      "integrity": "sha1-pcbVMr5lbiPbgg77lDofBJmNY68="
    }
  }
}
