{
  "requires": true,
  "lockfileVersion": 1,
  "dependencies": {
    "@types/detect-browser": {
      "version": "2.0.1",
      "resolved": "https://registry.npmjs.org/@types/detect-browser/-/detect-browser-2.0.1.tgz",
      "integrity": "sha512-n9jH0zq0DGOlu/B9tSpK+DKwaW9uozF96hy3zYibvxVqQDX5KOJJn6qns/G+k3UwfEQVYZuV3Rz+Z2fXMQ0ang=="
    },
    "detect-browser": {
      "version": "2.4.0",
      "resolved": "https://registry.npmjs.org/detect-browser/-/detect-browser-2.4.0.tgz",
      "integrity": "sha512-C7BPFS5x9xrYalcunnuVUDmj9YU2j+VMseGhmYtwgC85H1WfCSb6wvAhXF1pze8R2KBeHE3Ynue7fpxMRdc+zQ=="
    },
    "typescript": {
      "version": "2.9.2",
      "resolved": "https://registry.npmjs.org/typescript/-/typescript-2.9.2.tgz",
      "integrity": "sha512-Gr4p6nFNaoufRIY4NMdpQRNmgxVIGMs4Fcu/ujdYk3nAZqk7supzBE9idmvfZIlH/Cuj//dvi+019qEue9lV0w=="
    }
  }
}
