{
  "requires": true,
  "lockfileVersion": 1,
  "dependencies": {
    "mongodb-extjson": {
      "version": "3.0.0",
      "resolved": "https://registry.npmjs.org/mongodb-extjson/-/mongodb-extjson-3.0.0.tgz",
      "integrity": "sha512-Mm+MeM52v7jFTp3DIW5Zde/ZfFImX8qbIdpmLOTiViBTtQpaQNsXZ93YhZDU1aJx+2IQdZ/g2BlxH74JwPYzJg==",
      "requires": {
        "bson": "^3.0.0"
      },
      "dependencies": {
        "bson": {
          "version": "3.0.0",
          "resolved": "https://registry.npmjs.org/bson/-/bson-3.0.0.tgz",
          "integrity": "sha512-i+j5KlptBfGLR8kE6OriNbqylIv+MsFn8Y5Vf/S9DQbNF6zDidaW9CH6ZyX6Whb5KAsle3ro4DPkLJ3XFc16gw=="
        }
      }
    },
    "typescript": {
      "version": "2.9.2",
      "resolved": "https://registry.npmjs.org/typescript/-/typescript-2.9.2.tgz",
      "integrity": "sha512-Gr4p6nFNaoufRIY4NMdpQRNmgxVIGMs4Fcu/ujdYk3nAZqk7supzBE9idmvfZIlH/Cuj//dvi+019qEue9lV0w=="
    }
  }
}
