{
	"requires": true,
	"lockfileVersion": 1,
	"dependencies": {
		"@types/bson": {
			"version": "1.0.8",
			"resolved": "https://registry.npmjs.org/@types/bson/-/bson-1.0.8.tgz",
			"integrity": "sha512-PMa4nkRhLaqwsXQDDTzGbTyCIpej0ERznyAP9fyuGnlsmUbcC4Y25mdqjibYjkOPNyK/BWWUKneruaKHcS3Q8g==",
			"requires": {
				"@types/node": "*"
			}
		},
		"@types/node": {
			"version": "10.3.1",
			"resolved": "https://registry.npmjs.org/@types/node/-/node-10.3.1.tgz",
			"integrity": "sha512-IsX9aDHDzJohkm3VCDB8tkzl5RQ34E/PFA29TQk6uDGb7Oc869ZBtmdKVDBzY3+h9GnXB8ssrRXEPVZrlIOPOw=="
		},
		"bson": {
			"version": "1.0.9",
			"resolved": "https://registry.npmjs.org/bson/-/bson-1.0.9.tgz",
			"integrity": "sha512-IQX9/h7WdMBIW/q/++tGd+emQr0XMdeZ6icnT/74Xk9fnabWn+gZgpE+9V+gujL3hhJOoNrnDVY7tWdzc7NUTg=="
		}
	}
}
